
Microsoft Visual Studio Solution File, Format Version 12.00
# Visual Studio Version 17
VisualStudioVersion = 17.11.35222.181
MinimumVisualStudioVersion = 10.0.40219.1
Project("{FAE04EC0-301F-11D3-BF4B-00C04F79EFBC}") = "Week01Demo", "Week01Demo\Week01Demo.csproj", "{0CFE7644-C9DE-4333-A3CC-851DDB032153}"
EndProject
Project("{FAE04EC0-301F-11D3-BF4B-00C04F79EFBC}") = "Week02DemoA", "Week02DemoA\Week02DemoA.csproj", "{8C86D36D-DF6B-47E9-B3D7-CBF23274BE37}"
EndProject
Project("{FAE04EC0-301F-11D3-BF4B-00C04F79EFBC}") = "Week02DemoB", "Week02DemoB\Week02DemoB.csproj", "{3BFD8748-6D1A-4D31-B981-39C13DFA47D7}"
EndProject
Project("{FAE04EC0-301F-11D3-BF4B-00C04F79EFBC}") = "Week02DemoC_ColorPicker", "Week02DemoC_ColorPicker\Week02DemoC_ColorPicker.csproj", "{5B2077F5-DAFA-4A2C-8EAB-6DB617317DDF}"
EndProject
Project("{FAE04EC0-301F-11D3-BF4B-00C04F79EFBC}") = "Week03DemoA_GuessTheNumberORIG", "Week03DemoA_GuessTheNumber\Week03DemoA_GuessTheNumberORIG.csproj", "{673C3A33-A971-482B-8007-5A3BFDC78172}"
EndProject
Project("{FAE04EC0-301F-11D3-BF4B-00C04F79EFBC}") = "Week04DemoA_VariableScope", "Week04DemoA_VariableScope\Week04DemoA_VariableScope.csproj", "{B400498D-5DF7-4980-9655-843AC959127A}"
EndProject
Project("{FAE04EC0-301F-11D3-BF4B-00C04F79EFBC}") = "Week05DemoA_Collections4", "Week05DemoA_Collections4\Week05DemoA_Collections4.csproj", "{90270A32-299B-4E70-A31A-3CAB8D565A5A}"
EndProject
Project("{FAE04EC0-301F-11D3-BF4B-00C04F79EFBC}") = "Week06DemoA_DroidFactory", "Week06DemoA_DroidFactory\Week06DemoA_DroidFactory.csproj", "{59A64FD5-C18A-49CD-916C-AFC41A39E1E9}"
EndProject
Project("{FAE04EC0-301F-11D3-BF4B-00C04F79EFBC}") = "Week09DemoA_ExceptionHanding", "Week09DemoA_ExceptionHanding\Week09DemoA_ExceptionHanding.csproj", "{4FD680CF-52C7-4790-82E9-8D0D1DA42BD9}"
EndProject
Project("{FAE04EC0-301F-11D3-BF4B-00C04F79EFBC}") = "Week09DemoB_FileIO", "Week09DemoB_FileIO\Week09DemoB_FileIO.csproj", "{E99A470C-775E-4839-9780-C997741E7FA4}"
EndProject
Project("{FAE04EC0-301F-11D3-BF4B-00C04F79EFBC}") = "Week10DemoA_DataBindingPlus", "Week10DemoA_DataBindingPlus\Week10DemoA_DataBindingPlus.csproj", "{B083CF52-612A-45D8-B892-D24FB1FF47C0}"
EndProject
Project("{FAE04EC0-301F-11D3-BF4B-00C04F79EFBC}") = "Week11Demo_DataGrid_Inheritance_Abstraction", "Week11Demo_DataGrid_Inheritance_Abstraction\Week11Demo_DataGrid_Inheritance_Abstraction.csproj", "{F7EA3781-C34F-409C-9D93-B5F9D5E3813B}"
EndProject
Project("{FAE04EC0-301F-11D3-BF4B-00C04F79EFBC}") = "Week12Demo_DatabaseStuffFinal", "Week12Demo_DatabaseStuffFinal\Week12Demo_DatabaseStuffFinal.csproj", "{776DC82A-9EFF-4DCA-9AC3-B43780782E09}"
EndProject
Project("{FAE04EC0-301F-11D3-BF4B-00C04F79EFBC}") = "Week12DemoB_MDIForms_Singleton", "Week12DemoB_MDIForms_Singleton\Week12DemoB_MDIForms_Singleton.csproj", "{68ADCCFC-5AF1-48E4-AF0B-03F21A5D37D9}"
EndProject
Project("{9A19103F-16F7-4668-BE54-9A1E7A4F7556}") = "WebApplication1", "WebApplication1\WebApplication1.csproj", "{EACE080F-04C1-445D-BF14-D9A16E5AFDFA}"
EndProject
Project("{FAE04EC0-301F-11D3-BF4B-00C04F79EFBC}") = "Week13DemoA_Singleton", "Week13DemoA_Singleton\Week13DemoA_Singleton.csproj", "{5CBBBCF5-2CD3-44ED-9574-0A87A0C3B972}"
EndProject
Global
	GlobalSection(SolutionConfigurationPlatforms) = preSolution
		Debug|Any CPU = Debug|Any CPU
		Release|Any CPU = Release|Any CPU
	EndGlobalSection
	GlobalSection(ProjectConfigurationPlatforms) = postSolution
		{0CFE7644-C9DE-4333-A3CC-851DDB032153}.Debug|Any CPU.ActiveCfg = Debug|Any CPU
		{0CFE7644-C9DE-4333-A3CC-851DDB032153}.Debug|Any CPU.Build.0 = Debug|Any CPU
		{0CFE7644-C9DE-4333-A3CC-851DDB032153}.Release|Any CPU.ActiveCfg = Release|Any CPU
		{0CFE7644-C9DE-4333-A3CC-851DDB032153}.Release|Any CPU.Build.0 = Release|Any CPU
		{8C86D36D-DF6B-47E9-B3D7-CBF23274BE37}.Debug|Any CPU.ActiveCfg = Debug|Any CPU
		{8C86D36D-DF6B-47E9-B3D7-CBF23274BE37}.Debug|Any CPU.Build.0 = Debug|Any CPU
		{8C86D36D-DF6B-47E9-B3D7-CBF23274BE37}.Release|Any CPU.ActiveCfg = Release|Any CPU
		{8C86D36D-DF6B-47E9-B3D7-CBF23274BE37}.Release|Any CPU.Build.0 = Release|Any CPU
		{3BFD8748-6D1A-4D31-B981-39C13DFA47D7}.Debug|Any CPU.ActiveCfg = Debug|Any CPU
		{3BFD8748-6D1A-4D31-B981-39C13DFA47D7}.Debug|Any CPU.Build.0 = Debug|Any CPU
		{3BFD8748-6D1A-4D31-B981-39C13DFA47D7}.Release|Any CPU.ActiveCfg = Release|Any CPU
		{3BFD8748-6D1A-4D31-B981-39C13DFA47D7}.Release|Any CPU.Build.0 = Release|Any CPU
		{5B2077F5-DAFA-4A2C-8EAB-6DB617317DDF}.Debug|Any CPU.ActiveCfg = Debug|Any CPU
		{5B2077F5-DAFA-4A2C-8EAB-6DB617317DDF}.Debug|Any CPU.Build.0 = Debug|Any CPU
		{5B2077F5-DAFA-4A2C-8EAB-6DB617317DDF}.Release|Any CPU.ActiveCfg = Release|Any CPU
		{5B2077F5-DAFA-4A2C-8EAB-6DB617317DDF}.Release|Any CPU.Build.0 = Release|Any CPU
		{673C3A33-A971-482B-8007-5A3BFDC78172}.Debug|Any CPU.ActiveCfg = Debug|Any CPU
		{673C3A33-A971-482B-8007-5A3BFDC78172}.Debug|Any CPU.Build.0 = Debug|Any CPU
		{673C3A33-A971-482B-8007-5A3BFDC78172}.Release|Any CPU.ActiveCfg = Release|Any CPU
		{673C3A33-A971-482B-8007-5A3BFDC78172}.Release|Any CPU.Build.0 = Release|Any CPU
		{B400498D-5DF7-4980-9655-843AC959127A}.Debug|Any CPU.ActiveCfg = Debug|Any CPU
		{B400498D-5DF7-4980-9655-843AC959127A}.Debug|Any CPU.Build.0 = Debug|Any CPU
		{B400498D-5DF7-4980-9655-843AC959127A}.Release|Any CPU.ActiveCfg = Release|Any CPU
		{B400498D-5DF7-4980-9655-843AC959127A}.Release|Any CPU.Build.0 = Release|Any CPU
		{90270A32-299B-4E70-A31A-3CAB8D565A5A}.Debug|Any CPU.ActiveCfg = Debug|Any CPU
		{90270A32-299B-4E70-A31A-3CAB8D565A5A}.Debug|Any CPU.Build.0 = Debug|Any CPU
		{90270A32-299B-4E70-A31A-3CAB8D565A5A}.Release|Any CPU.ActiveCfg = Release|Any CPU
		{90270A32-299B-4E70-A31A-3CAB8D565A5A}.Release|Any CPU.Build.0 = Release|Any CPU
		{59A64FD5-C18A-49CD-916C-AFC41A39E1E9}.Debug|Any CPU.ActiveCfg = Debug|Any CPU
		{59A64FD5-C18A-49CD-916C-AFC41A39E1E9}.Debug|Any CPU.Build.0 = Debug|Any CPU
		{59A64FD5-C18A-49CD-916C-AFC41A39E1E9}.Release|Any CPU.ActiveCfg = Release|Any CPU
		{59A64FD5-C18A-49CD-916C-AFC41A39E1E9}.Release|Any CPU.Build.0 = Release|Any CPU
		{4FD680CF-52C7-4790-82E9-8D0D1DA42BD9}.Debug|Any CPU.ActiveCfg = Debug|Any CPU
		{4FD680CF-52C7-4790-82E9-8D0D1DA42BD9}.Debug|Any CPU.Build.0 = Debug|Any CPU
		{4FD680CF-52C7-4790-82E9-8D0D1DA42BD9}.Release|Any CPU.ActiveCfg = Release|Any CPU
		{4FD680CF-52C7-4790-82E9-8D0D1DA42BD9}.Release|Any CPU.Build.0 = Release|Any CPU
		{E99A470C-775E-4839-9780-C997741E7FA4}.Debug|Any CPU.ActiveCfg = Debug|Any CPU
		{E99A470C-775E-4839-9780-C997741E7FA4}.Debug|Any CPU.Build.0 = Debug|Any CPU
		{E99A470C-775E-4839-9780-C997741E7FA4}.Release|Any CPU.ActiveCfg = Release|Any CPU
		{E99A470C-775E-4839-9780-C997741E7FA4}.Release|Any CPU.Build.0 = Release|Any CPU
		{B083CF52-612A-45D8-B892-D24FB1FF47C0}.Debug|Any CPU.ActiveCfg = Debug|Any CPU
		{B083CF52-612A-45D8-B892-D24FB1FF47C0}.Debug|Any CPU.Build.0 = Debug|Any CPU
		{B083CF52-612A-45D8-B892-D24FB1FF47C0}.Release|Any CPU.ActiveCfg = Release|Any CPU
		{B083CF52-612A-45D8-B892-D24FB1FF47C0}.Release|Any CPU.Build.0 = Release|Any CPU
		{F7EA3781-C34F-409C-9D93-B5F9D5E3813B}.Debug|Any CPU.ActiveCfg = Debug|Any CPU
		{F7EA3781-C34F-409C-9D93-B5F9D5E3813B}.Debug|Any CPU.Build.0 = Debug|Any CPU
		{F7EA3781-C34F-409C-9D93-B5F9D5E3813B}.Release|Any CPU.ActiveCfg = Release|Any CPU
		{F7EA3781-C34F-409C-9D93-B5F9D5E3813B}.Release|Any CPU.Build.0 = Release|Any CPU
		{776DC82A-9EFF-4DCA-9AC3-B43780782E09}.Debug|Any CPU.ActiveCfg = Debug|Any CPU
		{776DC82A-9EFF-4DCA-9AC3-B43780782E09}.Debug|Any CPU.Build.0 = Debug|Any CPU
		{776DC82A-9EFF-4DCA-9AC3-B43780782E09}.Release|Any CPU.ActiveCfg = Release|Any CPU
		{776DC82A-9EFF-4DCA-9AC3-B43780782E09}.Release|Any CPU.Build.0 = Release|Any CPU
		{68ADCCFC-5AF1-48E4-AF0B-03F21A5D37D9}.Debug|Any CPU.ActiveCfg = Debug|Any CPU
		{68ADCCFC-5AF1-48E4-AF0B-03F21A5D37D9}.Debug|Any CPU.Build.0 = Debug|Any CPU
		{68ADCCFC-5AF1-48E4-AF0B-03F21A5D37D9}.Release|Any CPU.ActiveCfg = Release|Any CPU
		{68ADCCFC-5AF1-48E4-AF0B-03F21A5D37D9}.Release|Any CPU.Build.0 = Release|Any CPU
		{EACE080F-04C1-445D-BF14-D9A16E5AFDFA}.Debug|Any CPU.ActiveCfg = Debug|Any CPU
		{EACE080F-04C1-445D-BF14-D9A16E5AFDFA}.Debug|Any CPU.Build.0 = Debug|Any CPU
		{EACE080F-04C1-445D-BF14-D9A16E5AFDFA}.Release|Any CPU.ActiveCfg = Release|Any CPU
		{EACE080F-04C1-445D-BF14-D9A16E5AFDFA}.Release|Any CPU.Build.0 = Release|Any CPU
		{5CBBBCF5-2CD3-44ED-9574-0A87A0C3B972}.Debug|Any CPU.ActiveCfg = Debug|Any CPU
		{5CBBBCF5-2CD3-44ED-9574-0A87A0C3B972}.Debug|Any CPU.Build.0 = Debug|Any CPU
		{5CBBBCF5-2CD3-44ED-9574-0A87A0C3B972}.Release|Any CPU.ActiveCfg = Release|Any CPU
		{5CBBBCF5-2CD3-44ED-9574-0A87A0C3B972}.Release|Any CPU.Build.0 = Release|Any CPU
	EndGlobalSection
	GlobalSection(SolutionProperties) = preSolution
		HideSolutionNode = FALSE
	EndGlobalSection
	GlobalSection(ExtensibilityGlobals) = postSolution
		SolutionGuid = {7F9E1073-7F64-4C5D-AE32-55BA10152DF9}
	EndGlobalSection
EndGlobal
